// !$*UTF8*$!
{
	archiveVersion = 1;
	classes = {
	};
	objectVersion = 56;
	objects = {

/* Begin PBXBuildFile section */
		1787DAB02B428BFA003CC3EE /* CalendarKit in Frameworks */ = {isa = PBXBuildFile; productRef = 1787DAAF2B428BFA003CC3EE /* CalendarKit */; };
		17CCA11A2B4033A00078F255 /* AppDelegate.swift in Sources */ = {isa = PBXBuildFile; fileRef = 17CCA1192B4033A00078F255 /* AppDelegate.swift */; };
		17CCA11C2B4033A00078F255 /* SceneDelegate.swift in Sources */ = {isa = PBXBuildFile; fileRef = 17CCA11B2B4033A00078F255 /* SceneDelegate.swift */; };
		17CCA11E2B4033A00078F255 /* ViewController.swift in Sources */ = {isa = PBXBuildFile; fileRef = 17CCA11D2B4033A00078F255 /* ViewController.swift */; };
		17CCA1212B4033A00078F255 /* Main.storyboard in Resources */ = {isa = PBXBuildFile; fileRef = 17CCA11F2B4033A00078F255 /* Main.storyboard */; };
		17CCA1232B4033A10078F255 /* Assets.xcassets in Resources */ = {isa = PBXBuildFile; fileRef = 17CCA1222B4033A10078F255 /* Assets.xcassets */; };
		17CCA1262B4033A10078F255 /* LaunchScreen.storyboard in Resources */ = {isa = PBXBuildFile; fileRef = 17CCA1242B4033A10078F255 /* LaunchScreen.storyboard */; };
		17CCA1312B403D290078F255 /* MainCalendar_VC.swift in Sources */ = {isa = PBXBuildFile; fileRef = 17CCA1302B403D290078F255 /* MainCalendar_VC.swift */; };
/* End PBXBuildFile section */

/* Begin PBXFileReference section */
		178601F82B42838500B7F142 /* CalendarKit.framework */ = {isa = PBXFileReference; explicitFileType = wrapper.framework; path = CalendarKit.framework; sourceTree = BUILT_PRODUCTS_DIR; };
		17CCA1162B4033A00078F255 /* demo_MeetingCalendar.app */ = {isa = PBXFileReference; explicitFileType = wrapper.application; includeInIndex = 0; path = demo_MeetingCalendar.app; sourceTree = BUILT_PRODUCTS_DIR; };
		17CCA1192B4033A00078F255 /* AppDelegate.swift */ = {isa = PBXFileReference; lastKnownFileType = sourcecode.swift; path = AppDelegate.swift; sourceTree = "<group>"; };
		17CCA11B2B4033A00078F255 /* SceneDelegate.swift */ = {isa = PBXFileReference; lastKnownFileType = sourcecode.swift; path = SceneDelegate.swift; sourceTree = "<group>"; };
		17CCA11D2B4033A00078F255 /* ViewController.swift */ = {isa = PBXFileReference; lastKnownFileType = sourcecode.swift; path = ViewController.swift; sourceTree = "<group>"; };
		17CCA1202B4033A00078F255 /* Base */ = {isa = PBXFileReference; lastKnownFileType = file.storyboard; name = Base; path = Base.lproj/Main.storyboard; sourceTree = "<group>"; };
		17CCA1222B4033A10078F255 /* Assets.xcassets */ = {isa = PBXFileReference; lastKnownFileType = folder.assetcatalog; path = Assets.xcassets; sourceTree = "<group>"; };
		17CCA1252B4033A10078F255 /* Base */ = {isa = PBXFileReference; lastKnownFileType = file.storyboard; name = Base; path = Base.lproj/LaunchScreen.storyboard; sourceTree = "<group>"; };
		17CCA1272B4033A10078F255 /* Info.plist */ = {isa = PBXFileReference; lastKnownFileType = text.plist.xml; path = Info.plist; sourceTree = "<group>"; };
		17CCA1302B403D290078F255 /* MainCalendar_VC.swift */ = {isa = PBXFileReference; lastKnownFileType = sourcecode.swift; path = MainCalendar_VC.swift; sourceTree = "<group>"; };
/* End PBXFileReference section */

/* Begin PBXFrameworksBuildPhase section */
		17CCA1132B4033A00078F255 /* Frameworks */ = {
			isa = PBXFrameworksBuildPhase;
			buildActionMask = 2147483647;
			files = (
				1787DAB02B428BFA003CC3EE /* CalendarKit in Frameworks */,
			);
			runOnlyForDeploymentPostprocessing = 0;
		};
/* End PBXFrameworksBuildPhase section */

/* Begin PBXGroup section */
		17CCA10D2B4033A00078F255 = {
			isa = PBXGroup;
			children = (
				17CCA1182B4033A00078F255 /* demo_MeetingCalendar */,
				17CCA1172B4033A00078F255 /* Products */,
				838D03DFCA87475A5CC3598B /* Frameworks */,
			);
			sourceTree = "<group>";
		};
		17CCA1172B4033A00078F255 /* Products */ = {
			isa = PBXGroup;
			children = (
				17CCA1162B4033A00078F255 /* demo_MeetingCalendar.app */,
			);
			name = Products;
			sourceTree = "<group>";
		};
		17CCA1182B4033A00078F255 /* demo_MeetingCalendar */ = {
			isa = PBXGroup;
			children = (
				17CCA1192B4033A00078F255 /* AppDelegate.swift */,
				17CCA11B2B4033A00078F255 /* SceneDelegate.swift */,
				17CCA11D2B4033A00078F255 /* ViewController.swift */,
				17CCA1302B403D290078F255 /* MainCalendar_VC.swift */,
				17CCA11F2B4033A00078F255 /* Main.storyboard */,
				17CCA1222B4033A10078F255 /* Assets.xcassets */,
				17CCA1242B4033A10078F255 /* LaunchScreen.storyboard */,
				17CCA1272B4033A10078F255 /* Info.plist */,
			);
			path = demo_MeetingCalendar;
			sourceTree = "<group>";
		};
		838D03DFCA87475A5CC3598B /* Frameworks */ = {
			isa = PBXGroup;
			children = (
				178601F82B42838500B7F142 /* CalendarKit.framework */,
			);
			name = Frameworks;
			sourceTree = "<group>";
		};
/* End PBXGroup section */

/* Begin PBXNativeTarget section */
		17CCA1152B4033A00078F255 /* demo_MeetingCalendar */ = {
			isa = PBXNativeTarget;
			buildConfigurationList = 17CCA12A2B4033A10078F255 /* Build configuration list for PBXNativeTarget "demo_MeetingCalendar" */;
			buildPhases = (
				17CCA1122B4033A00078F255 /* Sources */,
				17CCA1132B4033A00078F255 /* Frameworks */,
				17CCA1142B4033A00078F255 /* Resources */,
			);
			buildRules = (
			);
			dependencies = (
			);
			name = demo_MeetingCalendar;
			packageProductDependencies = (
				1787DAAF2B428BFA003CC3EE /* CalendarKit */,
			);
			productName = demo_MeetingCalendar;
			productReference = 17CCA1162B4033A00078F255 /* demo_MeetingCalendar.app */;
			productType = "com.apple.product-type.application";
		};
/* End PBXNativeTarget section */

/* Begin PBXProject section */
		17CCA10E2B4033A00078F255 /* Project object */ = {
			isa = PBXProject;
			attributes = {
				BuildIndependentTargetsInParallel = 1;
				LastSwiftUpdateCheck = 1500;
				LastUpgradeCheck = 1500;
				TargetAttributes = {
					17CCA1152B4033A00078F255 = {
						CreatedOnToolsVersion = 15.0.1;
					};
				};
			};
			buildConfigurationList = 17CCA1112B4033A00078F255 /* Build configuration list for PBXProject "demo_MeetingCalendar" */;
			compatibilityVersion = "Xcode 14.0";
			developmentRegion = en;
			hasScannedForEncodings = 0;
			knownRegions = (
				en,
				Base,
			);
			mainGroup = 17CCA10D2B4033A00078F255;
			packageReferences = (
				1787DAAE2B428BFA003CC3EE /* XCRemoteSwiftPackageReference "CalendarKit" */,
			);
			productRefGroup = 17CCA1172B4033A00078F255 /* Products */;
			projectDirPath = "";
			projectRoot = "";
			targets = (
				17CCA1152B4033A00078F255 /* demo_MeetingCalendar */,
			);
		};
/* End PBXProject section */

/* Begin PBXResourcesBuildPhase section */
		17CCA1142B4033A00078F255 /* Resources */ = {
			isa = PBXResourcesBuildPhase;
			buildActionMask = 2147483647;
			files = (
				17CCA1262B4033A10078F255 /* LaunchScreen.storyboard in Resources */,
				17CCA1232B4033A10078F255 /* Assets.xcassets in Resources */,
				17CCA1212B4033A00078F255 /* Main.storyboard in Resources */,
			);
			runOnlyForDeploymentPostprocessing = 0;
		};
/* End PBXResourcesBuildPhase section */

/* Begin PBXSourcesBuildPhase section */
		17CCA1122B4033A00078F255 /* Sources */ = {
			isa = PBXSourcesBuildPhase;
			buildActionMask = 2147483647;
			files = (
				17CCA11E2B4033A00078F255 /* ViewController.swift in Sources */,
				17CCA11A2B4033A00078F255 /* AppDelegate.swift in Sources */,
				17CCA11C2B4033A00078F255 /* SceneDelegate.swift in Sources */,
				17CCA1312B403D290078F255 /* MainCalendar_VC.swift in Sources */,
			);
			runOnlyForDeploymentPostprocessing = 0;
		};
/* End PBXSourcesBuildPhase section */

/* Begin PBXVariantGroup section */
		17CCA11F2B4033A00078F255 /* Main.storyboard */ = {
			isa = PBXVariantGroup;
			children = (
				17CCA1202B4033A00078F255 /* Base */,
			);
			name = Main.storyboard;
			sourceTree = "<group>";
		};
		17CCA1242B4033A10078F255 /* LaunchScreen.storyboard */ = {
			isa = PBXVariantGroup;
			children = (
				17CCA1252B4033A10078F255 /* Base */,
			);
			name = LaunchScreen.storyboard;
			sourceTree = "<group>";
		};
/* End PBXVariantGroup section */

/* Begin XCBuildConfiguration section */
		17CCA1282B4033A10078F255 /* Debug */ = {
			isa = XCBuildConfiguration;
			buildSettings = {
				ALWAYS_SEARCH_USER_PATHS = NO;
				ASSETCATALOG_COMPILER_GENERATE_SWIFT_ASSET_SYMBOL_EXTENSIONS = YES;
				CLANG_ANALYZER_NONNULL = YES;
				CLANG_ANALYZER_NUMBER_OBJECT_CONVERSION = YES_AGGRESSIVE;
				CLANG_CXX_LANGUAGE_STANDARD = "gnu++20";
				CLANG_ENABLE_MODULES = YES;
				CLANG_ENABLE_OBJC_ARC = YES;
				CLANG_ENABLE_OBJC_WEAK = YES;
				CLANG_WARN_BLOCK_CAPTURE_AUTORELEASING = YES;
				CLANG_WARN_BOOL_CONVERSION = YES;
				CLANG_WARN_COMMA = YES;
				CLANG_WARN_CONSTANT_CONVERSION = YES;
				CLANG_WARN_DEPRECATED_OBJC_IMPLEMENTATIONS = YES;
				CLANG_WARN_DIRECT_OBJC_ISA_USAGE = YES_ERROR;
				CLANG_WARN_DOCUMENTATION_COMMENTS = YES;
				CLANG_WARN_EMPTY_BODY = YES;
				CLANG_WARN_ENUM_CONVERSION = YES;
				CLANG_WARN_INFINITE_RECURSION = YES;
				CLANG_WARN_INT_CONVERSION = YES;
				CLANG_WARN_NON_LITERAL_NULL_CONVERSION = YES;
				CLANG_WARN_OBJC_IMPLICIT_RETAIN_SELF = YES;
				CLANG_WARN_OBJC_LITERAL_CONVERSION = YES;
				CLANG_WARN_OBJC_ROOT_CLASS = YES_ERROR;
				CLANG_WARN_QUOTED_INCLUDE_IN_FRAMEWORK_HEADER = YES;
				CLANG_WARN_RANGE_LOOP_ANALYSIS = YES;
				CLANG_WARN_STRICT_PROTOTYPES = YES;
				CLANG_WARN_SUSPICIOUS_MOVE = YES;
				CLANG_WARN_UNGUARDED_AVAILABILITY = YES_AGGRESSIVE;
				CLANG_WARN_UNREACHABLE_CODE = YES;
				CLANG_WARN__DUPLICATE_METHOD_MATCH = YES;
				COPY_PHASE_STRIP = NO;
				DEBUG_INFORMATION_FORMAT = dwarf;
				ENABLE_STRICT_OBJC_MSGSEND = YES;
				ENABLE_TESTABILITY = YES;
				ENABLE_USER_SCRIPT_SANDBOXING = YES;
				GCC_C_LANGUAGE_STANDARD = gnu17;
				GCC_DYNAMIC_NO_PIC = NO;
				GCC_NO_COMMON_BLOCKS = YES;
				GCC_OPTIMIZATION_LEVEL = 0;
				GCC_PREPROCESSOR_DEFINITIONS = (
					"DEBUG=1",
					"$(inherited)",
				);
				GCC_WARN_64_TO_32_BIT_CONVERSION = YES;
				GCC_WARN_ABOUT_RETURN_TYPE = YES_ERROR;
				GCC_WARN_UNDECLARED_SELECTOR = YES;
				GCC_WARN_UNINITIALIZED_AUTOS = YES_AGGRESSIVE;
				GCC_WARN_UNUSED_FUNCTION = YES;
				GCC_WARN_UNUSED_VARIABLE = YES;
				IPHONEOS_DEPLOYMENT_TARGET = 14.0;
				LOCALIZATION_PREFERS_STRING_CATALOGS = YES;
				MTL_ENABLE_DEBUG_INFO = INCLUDE_SOURCE;
				MTL_FAST_MATH = YES;
				ONLY_ACTIVE_ARCH = YES;
				SDKROOT = iphoneos;
				SWIFT_ACTIVE_COMPILATION_CONDITIONS = "DEBUG $(inherited)";
				SWIFT_OPTIMIZATION_LEVEL = "-Onone";
			};
			name = Debug;
		};
		17CCA1292B4033A10078F255 /* Release */ = {
			isa = XCBuildConfiguration;
			buildSettings = {
				ALWAYS_SEARCH_USER_PATHS = NO;
				ASSETCATALOG_COMPILER_GENERATE_SWIFT_ASSET_SYMBOL_EXTENSIONS = YES;
				CLANG_ANALYZER_NONNULL = YES;
				CLANG_ANALYZER_NUMBER_OBJECT_CONVERSION = YES_AGGRESSIVE;
				CLANG_CXX_LANGUAGE_STANDARD = "gnu++20";
				CLANG_ENABLE_MODULES = YES;
				CLANG_ENABLE_OBJC_ARC = YES;
				CLANG_ENABLE_OBJC_WEAK = YES;
				CLANG_WARN_BLOCK_CAPTURE_AUTORELEASING = YES;
				CLANG_WARN_BOOL_CONVERSION = YES;
				CLANG_WARN_COMMA = YES;
				CLANG_WARN_CONSTANT_CONVERSION = YES;
				CLANG_WARN_DEPRECATED_OBJC_IMPLEMENTATIONS = YES;
				CLANG_WARN_DIRECT_OBJC_ISA_USAGE = YES_ERROR;
				CLANG_WARN_DOCUMENTATION_COMMENTS = YES;
				CLANG_WARN_EMPTY_BODY = YES;
				CLANG_WARN_ENUM_CONVERSION = YES;
				CLANG_WARN_INFINITE_RECURSION = YES;
				CLANG_WARN_INT_CONVERSION = YES;
				CLANG_WARN_NON_LITERAL_NULL_CONVERSION = YES;
				CLANG_WARN_OBJC_IMPLICIT_RETAIN_SELF = YES;
				CLANG_WARN_OBJC_LITERAL_CONVERSION = YES;
				CLANG_WARN_OBJC_ROOT_CLASS = YES_ERROR;
				CLANG_WARN_QUOTED_INCLUDE_IN_FRAMEWORK_HEADER = YES;
				CLANG_WARN_RANGE_LOOP_ANALYSIS = YES;
				CLANG_WARN_STRICT_PROTOTYPES = YES;
				CLANG_WARN_SUSPICIOUS_MOVE = YES;
				CLANG_WARN_UNGUARDED_AVAILABILITY = YES_AGGRESSIVE;
				CLANG_WARN_UNREACHABLE_CODE = YES;
				CLANG_WARN__DUPLICATE_METHOD_MATCH = YES;
				COPY_PHASE_STRIP = NO;
				DEBUG_INFORMATION_FORMAT = "dwarf-with-dsym";
				ENABLE_NS_ASSERTIONS = NO;
				ENABLE_STRICT_OBJC_MSGSEND = YES;
				ENABLE_USER_SCRIPT_SANDBOXING = YES;
				GCC_C_LANGUAGE_STANDARD = gnu17;
				GCC_NO_COMMON_BLOCKS = YES;
				GCC_WARN_64_TO_32_BIT_CONVERSION = YES;
				GCC_WARN_ABOUT_RETURN_TYPE = YES_ERROR;
				GCC_WARN_UNDECLARED_SELECTOR = YES;
				GCC_WARN_UNINITIALIZED_AUTOS = YES_AGGRESSIVE;
				GCC_WARN_UNUSED_FUNCTION = YES;
				GCC_WARN_UNUSED_VARIABLE = YES;
				IPHONEOS_DEPLOYMENT_TARGET = 14.0;
				LOCALIZATION_PREFERS_STRING_CATALOGS = YES;
				MTL_ENABLE_DEBUG_INFO = NO;
				MTL_FAST_MATH = YES;
				SDKROOT = iphoneos;
				SWIFT_COMPILATION_MODE = wholemodule;
				VALIDATE_PRODUCT = YES;
			};
			name = Release;
		};
		17CCA12B2B4033A10078F255 /* Debug */ = {
			isa = XCBuildConfiguration;
			buildSettings = {
				ASSETCATALOG_COMPILER_APPICON_NAME = AppIcon;
				ASSETCATALOG_COMPILER_GLOBAL_ACCENT_COLOR_NAME = AccentColor;
				CODE_SIGN_STYLE = Automatic;
				CURRENT_PROJECT_VERSION = 1;
				DEVELOPMENT_TEAM = 4GWPFJ6PL8;
				GENERATE_INFOPLIST_FILE = YES;
				INFOPLIST_FILE = demo_MeetingCalendar/Info.plist;
				INFOPLIST_KEY_UIApplicationSupportsIndirectInputEvents = YES;
				INFOPLIST_KEY_UILaunchStoryboardName = LaunchScreen;
				INFOPLIST_KEY_UIMainStoryboardFile = Main;
				INFOPLIST_KEY_UIRequiresFullScreen = NO;
				INFOPLIST_KEY_UIStatusBarStyle = "";
				INFOPLIST_KEY_UISupportedInterfaceOrientations_iPad = "UIInterfaceOrientationPortrait UIInterfaceOrientationPortraitUpsideDown UIInterfaceOrientationLandscapeLeft UIInterfaceOrientationLandscapeRight";
				INFOPLIST_KEY_UISupportedInterfaceOrientations_iPhone = "UIInterfaceOrientationPortrait UIInterfaceOrientationLandscapeLeft UIInterfaceOrientationLandscapeRight";
				IPHONEOS_DEPLOYMENT_TARGET = 14.0;
				LD_RUNPATH_SEARCH_PATHS = (
					"$(inherited)",
					"@executable_path/Frameworks",
				);
				MARKETING_VERSION = 1.0;
				PRODUCT_BUNDLE_IDENTIFIER = "com.nayanDave.demo-MeetingCalendar";
				PRODUCT_NAME = "$(TARGET_NAME)";
				SWIFT_EMIT_LOC_STRINGS = YES;
				SWIFT_VERSION = 5.0;
				TARGETED_DEVICE_FAMILY = "1,2";
			};
			name = Debug;
		};
		17CCA12C2B4033A10078F255 /* Release */ = {
			isa = XCBuildConfiguration;
			buildSettings = {
				ASSETCATALOG_COMPILER_APPICON_NAME = AppIcon;
				ASSETCATALOG_COMPILER_GLOBAL_ACCENT_COLOR_NAME = AccentColor;
				CODE_SIGN_STYLE = Automatic;
				CURRENT_PROJECT_VERSION = 1;
				DEVELOPMENT_TEAM = 4GWPFJ6PL8;
				GENERATE_INFOPLIST_FILE = YES;
				INFOPLIST_FILE = demo_MeetingCalendar/Info.plist;
				INFOPLIST_KEY_UIApplicationSupportsIndirectInputEvents = YES;
				INFOPLIST_KEY_UILaunchStoryboardName = LaunchScreen;
				INFOPLIST_KEY_UIMainStoryboardFile = Main;
				INFOPLIST_KEY_UIRequiresFullScreen = NO;
				INFOPLIST_KEY_UIStatusBarStyle = "";
				INFOPLIST_KEY_UISupportedInterfaceOrientations_iPad = "UIInterfaceOrientationPortrait UIInterfaceOrientationPortraitUpsideDown UIInterfaceOrientationLandscapeLeft UIInterfaceOrientationLandscapeRight";
				INFOPLIST_KEY_UISupportedInterfaceOrientations_iPhone = "UIInterfaceOrientationPortrait UIInterfaceOrientationLandscapeLeft UIInterfaceOrientationLandscapeRight";
				IPHONEOS_DEPLOYMENT_TARGET = 14.0;
				LD_RUNPATH_SEARCH_PATHS = (
					"$(inherited)",
					"@executable_path/Frameworks",
				);
				MARKETING_VERSION = 1.0;
				PRODUCT_BUNDLE_IDENTIFIER = "com.nayanDave.demo-MeetingCalendar";
				PRODUCT_NAME = "$(TARGET_NAME)";
				SWIFT_EMIT_LOC_STRINGS = YES;
				SWIFT_VERSION = 5.0;
				TARGETED_DEVICE_FAMILY = "1,2";
			};
			name = Release;
		};
/* End XCBuildConfiguration section */

/* Begin XCConfigurationList section */
		17CCA1112B4033A00078F255 /* Build configuration list for PBXProject "demo_MeetingCalendar" */ = {
			isa = XCConfigurationList;
			buildConfigurations = (
				17CCA1282B4033A10078F255 /* Debug */,
				17CCA1292B4033A10078F255 /* Release */,
			);
			defaultConfigurationIsVisible = 0;
			defaultConfigurationName = Release;
		};
		17CCA12A2B4033A10078F255 /* Build configuration list for PBXNativeTarget "demo_MeetingCalendar" */ = {
			isa = XCConfigurationList;
			buildConfigurations = (
				17CCA12B2B4033A10078F255 /* Debug */,
				17CCA12C2B4033A10078F255 /* Release */,
			);
			defaultConfigurationIsVisible = 0;
			defaultConfigurationName = Release;
		};
/* End XCConfigurationList section */

/* Begin XCRemoteSwiftPackageReference section */
		1787DAAE2B428BFA003CC3EE /* XCRemoteSwiftPackageReference "CalendarKit" */ = {
			isa = XCRemoteSwiftPackageReference;
			repositoryURL = "https://github.com/richardtop/CalendarKit";
			requirement = {
				kind = upToNextMajorVersion;
				minimumVersion = 1.1.9;
			};
		};
/* End XCRemoteSwiftPackageReference section */

/* Begin XCSwiftPackageProductDependency section */
		1787DAAF2B428BFA003CC3EE /* CalendarKit */ = {
			isa = XCSwiftPackageProductDependency;
			package = 1787DAAE2B428BFA003CC3EE /* XCRemoteSwiftPackageReference "CalendarKit" */;
			productName = CalendarKit;
		};
/* End XCSwiftPackageProductDependency section */
	};
	rootObject = 17CCA10E2B4033A00078F255 /* Project object */;
}
